
Microsoft Visual Studio Solution File, Format Version 12.00
# Visual Studio 2013
VisualStudioVersion = 12.0.30110.0
MinimumVisualStudioVersion = 10.0.40219.1
Project("{FAE04EC0-301F-11D3-BF4B-00C04F79EFBC}") = "AspNet.Identity.OracleProvider", "AspNet.Identity.OracleProvider\AspNet.Identity.OracleProvider.csproj", "{B6536B7F-F5C9-4362-847F-B6F8D5D5F5DB}"
EndProject
Project("{2150E333-8FDC-42A3-9474-1A3956D46DE8}") = ".nuget", ".nuget", "{DB3B0CC1-4163-449E-87E5-7B6210221E60}"
	ProjectSection(SolutionItems) = preProject
		.nuget\NuGet.Config = .nuget\NuGet.Config
		.nuget\NuGet.exe = .nuget\NuGet.exe
		.nuget\NuGet.targets = .nuget\NuGet.targets
	EndProjectSection
EndProject
Project("{FAE04EC0-301F-11D3-BF4B-00C04F79EFBC}") = "AspNet.Identity.OracleProvider.Tests", "AspNet.Identity.OracleProvider.Tests\AspNet.Identity.OracleProvider.Tests.csproj", "{C56D39E0-FCB3-444B-9C6F-FB5BCD7A542F}"
EndProject
Global
	GlobalSection(SolutionConfigurationPlatforms) = preSolution
		Debug|Any CPU = Debug|Any CPU
		Release|Any CPU = Release|Any CPU
	EndGlobalSection
	GlobalSection(ProjectConfigurationPlatforms) = postSolution
		{B6536B7F-F5C9-4362-847F-B6F8D5D5F5DB}.Debug|Any CPU.ActiveCfg = Debug|Any CPU
		{B6536B7F-F5C9-4362-847F-B6F8D5D5F5DB}.Debug|Any CPU.Build.0 = Debug|Any CPU
		{B6536B7F-F5C9-4362-847F-B6F8D5D5F5DB}.Release|Any CPU.ActiveCfg = Release|Any CPU
		{B6536B7F-F5C9-4362-847F-B6F8D5D5F5DB}.Release|Any CPU.Build.0 = Release|Any CPU
		{C56D39E0-FCB3-444B-9C6F-FB5BCD7A542F}.Debug|Any CPU.ActiveCfg = Debug|Any CPU
		{C56D39E0-FCB3-444B-9C6F-FB5BCD7A542F}.Debug|Any CPU.Build.0 = Debug|Any CPU
		{C56D39E0-FCB3-444B-9C6F-FB5BCD7A542F}.Release|Any CPU.ActiveCfg = Release|Any CPU
		{C56D39E0-FCB3-444B-9C6F-FB5BCD7A542F}.Release|Any CPU.Build.0 = Release|Any CPU
	EndGlobalSection
	GlobalSection(SolutionProperties) = preSolution
		HideSolutionNode = FALSE
	EndGlobalSection
EndGlobal
